
Microsoft Visual Studio Solution File, Format Version 12.00
# Visual Studio Version 17
VisualStudioVersion = 17.9.34607.119
MinimumVisualStudioVersion = 10.0.40219.1
Project("{888888A0-9F3D-457C-B088-3A5042F75D52}") = "logs_a_u.oper_2", "logs_a_u.oper_2.pyproj", "{5A261A4F-6C50-458A-B80A-550FCCA1D19E}"
EndProject
Global
	GlobalSection(SolutionConfigurationPlatforms) = preSolution
		Debug|Any CPU = Debug|Any CPU
		Release|Any CPU = Release|Any CPU
	EndGlobalSection
	GlobalSection(ProjectConfigurationPlatforms) = postSolution
		{5A261A4F-6C50-458A-B80A-550FCCA1D19E}.Debug|Any CPU.ActiveCfg = Debug|Any CPU
		{5A261A4F-6C50-458A-B80A-550FCCA1D19E}.Release|Any CPU.ActiveCfg = Release|Any CPU
	EndGlobalSection
	GlobalSection(SolutionProperties) = preSolution
		HideSolutionNode = FALSE
	EndGlobalSection
	GlobalSection(ExtensibilityGlobals) = postSolution
		SolutionGuid = {EEAA3ED7-2A3F-4871-A35E-3354676E2E25}
	EndGlobalSection
EndGlobal
